
Microsoft Visual Studio Solution File, Format Version 12.00
# Visual Studio Version 16
VisualStudioVersion = 16.0.30225.117
MinimumVisualStudioVersion = 10.0.40219.1
Project("{FAE04EC0-301F-11D3-BF4B-00C04F79EFBC}") = "YesChefTiffWatcher", "YesChefTiffWatcher.csproj", "{E3303E60-F670-4ED9-9D8A-503FB0CC2A55}"
EndProject
Global
	GlobalSection(SolutionConfigurationPlatforms) = preSolution
		Debug|Any CPU = Debug|Any CPU
		Release|Any CPU = Release|Any CPU
	EndGlobalSection
	GlobalSection(ProjectConfigurationPlatforms) = postSolution
		{E3303E60-F670-4ED9-9D8A-503FB0CC2A55}.Debug|Any CPU.ActiveCfg = Debug|Any CPU
		{E3303E60-F670-4ED9-9D8A-503FB0CC2A55}.Debug|Any CPU.Build.0 = Debug|Any CPU
		{E3303E60-F670-4ED9-9D8A-503FB0CC2A55}.Release|Any CPU.ActiveCfg = Release|Any CPU
		{E3303E60-F670-4ED9-9D8A-503FB0CC2A55}.Release|Any CPU.Build.0 = Release|Any CPU
	EndGlobalSection
	GlobalSection(SolutionProperties) = preSolution
		HideSolutionNode = FALSE
	EndGlobalSection
	GlobalSection(ExtensibilityGlobals) = postSolution
		SolutionGuid = {D7250DD9-8C67-4D93-B3DF-15E7E152ED21}
	EndGlobalSection
EndGlobal
